
Microsoft Visual Studio Solution File, Format Version 12.00
# Visual Studio Version 16
VisualStudioVersion = 16.0.30011.22
MinimumVisualStudioVersion = 10.0.40219.1
Project("{8BC9CEB8-8B4A-11D0-8D11-00A0C91BC942}") = "Project2", "Project2\Project2.vcxproj", "{46C1F988-6975-41A7-BD1A-F0AACEAC1EE3}"
EndProject
Global
	GlobalSection(SolutionConfigurationPlatforms) = preSolution
		Debug|x64 = Debug|x64
		Debug|x86 = Debug|x86
		Release|x64 = Release|x64
		Release|x86 = Release|x86
	EndGlobalSection
	GlobalSection(ProjectConfigurationPlatforms) = postSolution
		{46C1F988-6975-41A7-BD1A-F0AACEAC1EE3}.Debug|x64.ActiveCfg = Debug|x64
		{46C1F988-6975-41A7-BD1A-F0AACEAC1EE3}.Debug|x64.Build.0 = Debug|x64
		{46C1F988-6975-41A7-BD1A-F0AACEAC1EE3}.Debug|x86.ActiveCfg = Debug|Win32
		{46C1F988-6975-41A7-BD1A-F0AACEAC1EE3}.Debug|x86.Build.0 = Debug|Win32
		{46C1F988-6975-41A7-BD1A-F0AACEAC1EE3}.Release|x64.ActiveCfg = Release|x64
		{46C1F988-6975-41A7-BD1A-F0AACEAC1EE3}.Release|x64.Build.0 = Release|x64
		{46C1F988-6975-41A7-BD1A-F0AACEAC1EE3}.Release|x86.ActiveCfg = Release|Win32
		{46C1F988-6975-41A7-BD1A-F0AACEAC1EE3}.Release|x86.Build.0 = Release|Win32
	EndGlobalSection
	GlobalSection(SolutionProperties) = preSolution
		HideSolutionNode = FALSE
	EndGlobalSection
	GlobalSection(ExtensibilityGlobals) = postSolution
		SolutionGuid = {EC1F7459-2B46-4BF6-8701-0BB3630C1BD2}
	EndGlobalSection
EndGlobal
